// !$*UTF8*$!
{
	archiveVersion = 1;
	classes = {
	};
	objectVersion = 50;
	objects = {

/* Begin PBXBuildFile section */
		0E6865F1206F987D004A558C /* AppDelegate.swift in Sources */ = {isa = PBXBuildFile; fileRef = 0E6865F0206F987D004A558C /* AppDelegate.swift */; };
		0E6865F3206F987D004A558C /* MapController.swift in Sources */ = {isa = PBXBuildFile; fileRef = 0E6865F2206F987D004A558C /* MapController.swift */; };
		0E6865F6206F987D004A558C /* Main.storyboard in Resources */ = {isa = PBXBuildFile; fileRef = 0E6865F4206F987D004A558C /* Main.storyboard */; };
		0E6865F8206F9881004A558C /* Assets.xcassets in Resources */ = {isa = PBXBuildFile; fileRef = 0E6865F7206F9881004A558C /* Assets.xcassets */; };
		0E6865FB206F9881004A558C /* LaunchScreen.storyboard in Resources */ = {isa = PBXBuildFile; fileRef = 0E6865F9206F9881004A558C /* LaunchScreen.storyboard */; };
		0E686606206F9882004A558C /* lvivbikemapTests.swift in Sources */ = {isa = PBXBuildFile; fileRef = 0E686605206F9882004A558C /* lvivbikemapTests.swift */; };
		0E68661D206FA90E004A558C /* SideMenu.swift in Sources */ = {isa = PBXBuildFile; fileRef = 0E686618206FA90E004A558C /* SideMenu.swift */; };
		0E68661F206FA90E004A558C /* UIViewController+SideMenu.swift in Sources */ = {isa = PBXBuildFile; fileRef = 0E68661A206FA90E004A558C /* UIViewController+SideMenu.swift */; };
		0E686620206FA90E004A558C /* SideMenuController.swift in Sources */ = {isa = PBXBuildFile; fileRef = 0E68661B206FA90E004A558C /* SideMenuController.swift */; };
		0E686621206FA90E004A558C /* SideMenuCell.swift in Sources */ = {isa = PBXBuildFile; fileRef = 0E68661C206FA90E004A558C /* SideMenuCell.swift */; };
		0E686623206FAD4D004A558C /* LaunchScreenController.swift in Sources */ = {isa = PBXBuildFile; fileRef = 0E686622206FAD4D004A558C /* LaunchScreenController.swift */; };
		0E686625206FB007004A558C /* Localization.strings in Resources */ = {isa = PBXBuildFile; fileRef = 0E686624206FB007004A558C /* Localization.strings */; };
		0E686628206FB062004A558C /* ThemeManager.swift in Sources */ = {isa = PBXBuildFile; fileRef = 0E686627206FB062004A558C /* ThemeManager.swift */; };
		0E68662A206FB217004A558C /* String+Localization.swift in Sources */ = {isa = PBXBuildFile; fileRef = 0E686629206FB217004A558C /* String+Localization.swift */; };
		A701F127865732B9E03123A6 /* Pods_lvivbikemap.framework in Frameworks */ = {isa = PBXBuildFile; fileRef = 6939C84A307DFD38BDD49886 /* Pods_lvivbikemap.framework */; };
/* End PBXBuildFile section */

/* Begin PBXContainerItemProxy section */
		0E686602206F9882004A558C /* PBXContainerItemProxy */ = {
			isa = PBXContainerItemProxy;
			containerPortal = 0E6865E5206F987D004A558C /* Project object */;
			proxyType = 1;
			remoteGlobalIDString = 0E6865EC206F987D004A558C;
			remoteInfo = lvivbikemap;
		};
/* End PBXContainerItemProxy section */

/* Begin PBXFileReference section */
		0E6865ED206F987D004A558C /* lvivbikemap.app */ = {isa = PBXFileReference; explicitFileType = wrapper.application; includeInIndex = 0; path = lvivbikemap.app; sourceTree = BUILT_PRODUCTS_DIR; };
		0E6865F0206F987D004A558C /* AppDelegate.swift */ = {isa = PBXFileReference; lastKnownFileType = sourcecode.swift; path = AppDelegate.swift; sourceTree = "<group>"; };
		0E6865F2206F987D004A558C /* MapController.swift */ = {isa = PBXFileReference; lastKnownFileType = sourcecode.swift; path = MapController.swift; sourceTree = "<group>"; };
		0E6865F5206F987D004A558C /* Base */ = {isa = PBXFileReference; lastKnownFileType = file.storyboard; name = Base; path = Base.lproj/Main.storyboard; sourceTree = "<group>"; };
		0E6865F7206F9881004A558C /* Assets.xcassets */ = {isa = PBXFileReference; lastKnownFileType = folder.assetcatalog; path = Assets.xcassets; sourceTree = "<group>"; };
		0E6865FA206F9881004A558C /* Base */ = {isa = PBXFileReference; lastKnownFileType = file.storyboard; name = Base; path = Base.lproj/LaunchScreen.storyboard; sourceTree = "<group>"; };
		0E6865FC206F9881004A558C /* Info.plist */ = {isa = PBXFileReference; lastKnownFileType = text.plist.xml; path = Info.plist; sourceTree = "<group>"; };
		0E686601206F9882004A558C /* lvivbikemapTests.xctest */ = {isa = PBXFileReference; explicitFileType = wrapper.cfbundle; includeInIndex = 0; path = lvivbikemapTests.xctest; sourceTree = BUILT_PRODUCTS_DIR; };
		0E686605206F9882004A558C /* lvivbikemapTests.swift */ = {isa = PBXFileReference; lastKnownFileType = sourcecode.swift; path = lvivbikemapTests.swift; sourceTree = "<group>"; };
		0E686607206F9882004A558C /* Info.plist */ = {isa = PBXFileReference; lastKnownFileType = text.plist.xml; path = Info.plist; sourceTree = "<group>"; };
		0E686618206FA90E004A558C /* SideMenu.swift */ = {isa = PBXFileReference; fileEncoding = 4; lastKnownFileType = sourcecode.swift; path = SideMenu.swift; sourceTree = "<group>"; };
		0E68661A206FA90E004A558C /* UIViewController+SideMenu.swift */ = {isa = PBXFileReference; fileEncoding = 4; lastKnownFileType = sourcecode.swift; path = "UIViewController+SideMenu.swift"; sourceTree = "<group>"; };
		0E68661B206FA90E004A558C /* SideMenuController.swift */ = {isa = PBXFileReference; fileEncoding = 4; lastKnownFileType = sourcecode.swift; path = SideMenuController.swift; sourceTree = "<group>"; };
		0E68661C206FA90E004A558C /* SideMenuCell.swift */ = {isa = PBXFileReference; fileEncoding = 4; lastKnownFileType = sourcecode.swift; path = SideMenuCell.swift; sourceTree = "<group>"; };
		0E686622206FAD4D004A558C /* LaunchScreenController.swift */ = {isa = PBXFileReference; lastKnownFileType = sourcecode.swift; path = LaunchScreenController.swift; sourceTree = "<group>"; };
		0E686624206FB007004A558C /* Localization.strings */ = {isa = PBXFileReference; lastKnownFileType = text.plist.strings; path = Localization.strings; sourceTree = "<group>"; };
		0E686627206FB062004A558C /* ThemeManager.swift */ = {isa = PBXFileReference; lastKnownFileType = sourcecode.swift; path = ThemeManager.swift; sourceTree = "<group>"; };
		0E686629206FB217004A558C /* String+Localization.swift */ = {isa = PBXFileReference; lastKnownFileType = sourcecode.swift; path = "String+Localization.swift"; sourceTree = "<group>"; };
		4EE4D1B5CEAE50BADDE784DA /* Pods-lvivbikemap.debug.xcconfig */ = {isa = PBXFileReference; includeInIndex = 1; lastKnownFileType = text.xcconfig; name = "Pods-lvivbikemap.debug.xcconfig"; path = "Pods/Target Support Files/Pods-lvivbikemap/Pods-lvivbikemap.debug.xcconfig"; sourceTree = "<group>"; };
		6939C84A307DFD38BDD49886 /* Pods_lvivbikemap.framework */ = {isa = PBXFileReference; explicitFileType = wrapper.framework; includeInIndex = 0; path = Pods_lvivbikemap.framework; sourceTree = BUILT_PRODUCTS_DIR; };
		A24DDEEE8DAD96B05C307E45 /* Pods-lvivbikemap.release.xcconfig */ = {isa = PBXFileReference; includeInIndex = 1; lastKnownFileType = text.xcconfig; name = "Pods-lvivbikemap.release.xcconfig"; path = "Pods/Target Support Files/Pods-lvivbikemap/Pods-lvivbikemap.release.xcconfig"; sourceTree = "<group>"; };
/* End PBXFileReference section */

/* Begin PBXFrameworksBuildPhase section */
		0E6865EA206F987D004A558C /* Frameworks */ = {
			isa = PBXFrameworksBuildPhase;
			buildActionMask = 2147483647;
			files = (
				A701F127865732B9E03123A6 /* Pods_lvivbikemap.framework in Frameworks */,
			);
			runOnlyForDeploymentPostprocessing = 0;
		};
		0E6865FE206F9882004A558C /* Frameworks */ = {
			isa = PBXFrameworksBuildPhase;
			buildActionMask = 2147483647;
			files = (
			);
			runOnlyForDeploymentPostprocessing = 0;
		};
/* End PBXFrameworksBuildPhase section */

/* Begin PBXGroup section */
		0E6865E4206F987D004A558C = {
			isa = PBXGroup;
			children = (
				0E6865EF206F987D004A558C /* lvivbikemap */,
				0E686604206F9882004A558C /* lvivbikemapTests */,
				0E6865EE206F987D004A558C /* Products */,
				A771B78E92C5C67A18873FF5 /* Pods */,
				18D51B551BDB3A23D09B6F0A /* Frameworks */,
			);
			sourceTree = "<group>";
		};
		0E6865EE206F987D004A558C /* Products */ = {
			isa = PBXGroup;
			children = (
				0E6865ED206F987D004A558C /* lvivbikemap.app */,
				0E686601206F9882004A558C /* lvivbikemapTests.xctest */,
			);
			name = Products;
			sourceTree = "<group>";
		};
		0E6865EF206F987D004A558C /* lvivbikemap */ = {
			isa = PBXGroup;
			children = (
				0E686626206FB056004A558C /* Common */,
				0E686617206FA8FC004A558C /* SideMenu */,
				0E6865FC206F9881004A558C /* Info.plist */,
				0E686615206F9B0C004A558C /* Extension */,
				0E686614206F9B04004A558C /* Realm */,
				0E686613206F9A67004A558C /* Providers */,
				0E686612206F9A60004A558C /* Services */,
				0E686611206F9A06004A558C /* Resources */,
				0E686610206F99DB004A558C /* Controllers */,
			);
			path = lvivbikemap;
			sourceTree = "<group>";
		};
		0E686604206F9882004A558C /* lvivbikemapTests */ = {
			isa = PBXGroup;
			children = (
				0E686605206F9882004A558C /* lvivbikemapTests.swift */,
				0E686607206F9882004A558C /* Info.plist */,
			);
			path = lvivbikemapTests;
			sourceTree = "<group>";
		};
		0E686610206F99DB004A558C /* Controllers */ = {
			isa = PBXGroup;
			children = (
				0E6865F2206F987D004A558C /* MapController.swift */,
				0E6865F4206F987D004A558C /* Main.storyboard */,
				0E686622206FAD4D004A558C /* LaunchScreenController.swift */,
			);
			path = Controllers;
			sourceTree = "<group>";
		};
		0E686611206F9A06004A558C /* Resources */ = {
			isa = PBXGroup;
			children = (
				0E6865F0206F987D004A558C /* AppDelegate.swift */,
				0E6865F7206F9881004A558C /* Assets.xcassets */,
				0E6865F9206F9881004A558C /* LaunchScreen.storyboard */,
				0E686624206FB007004A558C /* Localization.strings */,
			);
			path = Resources;
			sourceTree = "<group>";
		};
		0E686612206F9A60004A558C /* Services */ = {
			isa = PBXGroup;
			children = (
			);
			path = Services;
			sourceTree = "<group>";
		};
		0E686613206F9A67004A558C /* Providers */ = {
			isa = PBXGroup;
			children = (
			);
			path = Providers;
			sourceTree = "<group>";
		};
		0E686614206F9B04004A558C /* Realm */ = {
			isa = PBXGroup;
			children = (
			);
			path = Realm;
			sourceTree = "<group>";
		};
		0E686615206F9B0C004A558C /* Extension */ = {
			isa = PBXGroup;
			children = (
				0E68661A206FA90E004A558C /* UIViewController+SideMenu.swift */,
				0E686629206FB217004A558C /* String+Localization.swift */,
			);
			path = Extension;
			sourceTree = "<group>";
		};
		0E686617206FA8FC004A558C /* SideMenu */ = {
			isa = PBXGroup;
			children = (
				0E686618206FA90E004A558C /* SideMenu.swift */,
				0E68661C206FA90E004A558C /* SideMenuCell.swift */,
				0E68661B206FA90E004A558C /* SideMenuController.swift */,
			);
			path = SideMenu;
			sourceTree = "<group>";
		};
		0E686626206FB056004A558C /* Common */ = {
			isa = PBXGroup;
			children = (
				0E686627206FB062004A558C /* ThemeManager.swift */,
			);
			path = Common;
			sourceTree = "<group>";
		};
		18D51B551BDB3A23D09B6F0A /* Frameworks */ = {
			isa = PBXGroup;
			children = (
				6939C84A307DFD38BDD49886 /* Pods_lvivbikemap.framework */,
			);
			name = Frameworks;
			sourceTree = "<group>";
		};
		A771B78E92C5C67A18873FF5 /* Pods */ = {
			isa = PBXGroup;
			children = (
				4EE4D1B5CEAE50BADDE784DA /* Pods-lvivbikemap.debug.xcconfig */,
				A24DDEEE8DAD96B05C307E45 /* Pods-lvivbikemap.release.xcconfig */,
			);
			name = Pods;
			sourceTree = "<group>";
		};
/* End PBXGroup section */

/* Begin PBXNativeTarget section */
		0E6865EC206F987D004A558C /* lvivbikemap */ = {
			isa = PBXNativeTarget;
			buildConfigurationList = 0E68660A206F9882004A558C /* Build configuration list for PBXNativeTarget "lvivbikemap" */;
			buildPhases = (
				FDC98C0B3ED3A8B3B2C3B504 /* [CP] Check Pods Manifest.lock */,
				0E6865E9206F987D004A558C /* Sources */,
				0E6865EA206F987D004A558C /* Frameworks */,
				0E6865EB206F987D004A558C /* Resources */,
				0D1457BE818049D5C95AD124 /* [CP] Embed Pods Frameworks */,
				872B4213DD4F3EDF9A0FD5D0 /* [CP] Copy Pods Resources */,
			);
			buildRules = (
			);
			dependencies = (
			);
			name = lvivbikemap;
			productName = lvivbikemap;
			productReference = 0E6865ED206F987D004A558C /* lvivbikemap.app */;
			productType = "com.apple.product-type.application";
		};
		0E686600206F9882004A558C /* lvivbikemapTests */ = {
			isa = PBXNativeTarget;
			buildConfigurationList = 0E68660D206F9882004A558C /* Build configuration list for PBXNativeTarget "lvivbikemapTests" */;
			buildPhases = (
				0E6865FD206F9882004A558C /* Sources */,
				0E6865FE206F9882004A558C /* Frameworks */,
				0E6865FF206F9882004A558C /* Resources */,
			);
			buildRules = (
			);
			dependencies = (
				0E686603206F9882004A558C /* PBXTargetDependency */,
			);
			name = lvivbikemapTests;
			productName = lvivbikemapTests;
			productReference = 0E686601206F9882004A558C /* lvivbikemapTests.xctest */;
			productType = "com.apple.product-type.bundle.unit-test";
		};
/* End PBXNativeTarget section */

/* Begin PBXProject section */
		0E6865E5206F987D004A558C /* Project object */ = {
			isa = PBXProject;
			attributes = {
				LastSwiftUpdateCheck = 0930;
				LastUpgradeCheck = 0930;
				TargetAttributes = {
					0E6865EC206F987D004A558C = {
						CreatedOnToolsVersion = 9.3;
					};
					0E686600206F9882004A558C = {
						CreatedOnToolsVersion = 9.3;
						TestTargetID = 0E6865EC206F987D004A558C;
					};
				};
			};
			buildConfigurationList = 0E6865E8206F987D004A558C /* Build configuration list for PBXProject "lvivbikemap" */;
			compatibilityVersion = "Xcode 9.3";
			developmentRegion = en;
			hasScannedForEncodings = 0;
			knownRegions = (
				en,
				Base,
			);
			mainGroup = 0E6865E4206F987D004A558C;
			productRefGroup = 0E6865EE206F987D004A558C /* Products */;
			projectDirPath = "";
			projectRoot = "";
			targets = (
				0E6865EC206F987D004A558C /* lvivbikemap */,
				0E686600206F9882004A558C /* lvivbikemapTests */,
			);
		};
/* End PBXProject section */

/* Begin PBXResourcesBuildPhase section */
		0E6865EB206F987D004A558C /* Resources */ = {
			isa = PBXResourcesBuildPhase;
			buildActionMask = 2147483647;
			files = (
				0E6865FB206F9881004A558C /* LaunchScreen.storyboard in Resources */,
				0E686625206FB007004A558C /* Localization.strings in Resources */,
				0E6865F8206F9881004A558C /* Assets.xcassets in Resources */,
				0E6865F6206F987D004A558C /* Main.storyboard in Resources */,
			);
			runOnlyForDeploymentPostprocessing = 0;
		};
		0E6865FF206F9882004A558C /* Resources */ = {
			isa = PBXResourcesBuildPhase;
			buildActionMask = 2147483647;
			files = (
			);
			runOnlyForDeploymentPostprocessing = 0;
		};
/* End PBXResourcesBuildPhase section */

/* Begin PBXShellScriptBuildPhase section */
		0D1457BE818049D5C95AD124 /* [CP] Embed Pods Frameworks */ = {
			isa = PBXShellScriptBuildPhase;
			buildActionMask = 2147483647;
			files = (
			);
			inputPaths = (
				"${SRCROOT}/Pods/Target Support Files/Pods-lvivbikemap/Pods-lvivbikemap-frameworks.sh",
				"${BUILT_PRODUCTS_DIR}/Realm/Realm.framework",
				"${BUILT_PRODUCTS_DIR}/RealmSwift/RealmSwift.framework",
			);
			name = "[CP] Embed Pods Frameworks";
			outputPaths = (
				"${TARGET_BUILD_DIR}/${FRAMEWORKS_FOLDER_PATH}/Realm.framework",
				"${TARGET_BUILD_DIR}/${FRAMEWORKS_FOLDER_PATH}/RealmSwift.framework",
			);
			runOnlyForDeploymentPostprocessing = 0;
			shellPath = /bin/sh;
			shellScript = "\"${SRCROOT}/Pods/Target Support Files/Pods-lvivbikemap/Pods-lvivbikemap-frameworks.sh\"\n";
			showEnvVarsInLog = 0;
		};
		872B4213DD4F3EDF9A0FD5D0 /* [CP] Copy Pods Resources */ = {
			isa = PBXShellScriptBuildPhase;
			buildActionMask = 2147483647;
			files = (
			);
			inputPaths = (
				"${SRCROOT}/Pods/Target Support Files/Pods-lvivbikemap/Pods-lvivbikemap-resources.sh",
				"${PODS_ROOT}/GoogleMaps/Maps/Frameworks/GoogleMaps.framework/Resources/GoogleMaps.bundle",
			);
			name = "[CP] Copy Pods Resources";
			outputPaths = (
				"${TARGET_BUILD_DIR}/${UNLOCALIZED_RESOURCES_FOLDER_PATH}/GoogleMaps.bundle",
			);
			runOnlyForDeploymentPostprocessing = 0;
			shellPath = /bin/sh;
			shellScript = "\"${SRCROOT}/Pods/Target Support Files/Pods-lvivbikemap/Pods-lvivbikemap-resources.sh\"\n";
			showEnvVarsInLog = 0;
		};
		FDC98C0B3ED3A8B3B2C3B504 /* [CP] Check Pods Manifest.lock */ = {
			isa = PBXShellScriptBuildPhase;
			buildActionMask = 2147483647;
			files = (
			);
			inputPaths = (
				"${PODS_PODFILE_DIR_PATH}/Podfile.lock",
				"${PODS_ROOT}/Manifest.lock",
			);
			name = "[CP] Check Pods Manifest.lock";
			outputPaths = (
				"$(DERIVED_FILE_DIR)/Pods-lvivbikemap-checkManifestLockResult.txt",
			);
			runOnlyForDeploymentPostprocessing = 0;
			shellPath = /bin/sh;
			shellScript = "diff \"${PODS_PODFILE_DIR_PATH}/Podfile.lock\" \"${PODS_ROOT}/Manifest.lock\" > /dev/null\nif [ $? != 0 ] ; then\n    # print error to STDERR\n    echo \"error: The sandbox is not in sync with the Podfile.lock. Run 'pod install' or update your CocoaPods installation.\" >&2\n    exit 1\nfi\n# This output is used by Xcode 'outputs' to avoid re-running this script phase.\necho \"SUCCESS\" > \"${SCRIPT_OUTPUT_FILE_0}\"\n";
			showEnvVarsInLog = 0;
		};
/* End PBXShellScriptBuildPhase section */

/* Begin PBXSourcesBuildPhase section */
		0E6865E9206F987D004A558C /* Sources */ = {
			isa = PBXSourcesBuildPhase;
			buildActionMask = 2147483647;
			files = (
				0E68661D206FA90E004A558C /* SideMenu.swift in Sources */,
				0E686621206FA90E004A558C /* SideMenuCell.swift in Sources */,
				0E686623206FAD4D004A558C /* LaunchScreenController.swift in Sources */,
				0E68662A206FB217004A558C /* String+Localization.swift in Sources */,
				0E686620206FA90E004A558C /* SideMenuController.swift in Sources */,
				0E68661F206FA90E004A558C /* UIViewController+SideMenu.swift in Sources */,
				0E686628206FB062004A558C /* ThemeManager.swift in Sources */,
				0E6865F3206F987D004A558C /* MapController.swift in Sources */,
				0E6865F1206F987D004A558C /* AppDelegate.swift in Sources */,
			);
			runOnlyForDeploymentPostprocessing = 0;
		};
		0E6865FD206F9882004A558C /* Sources */ = {
			isa = PBXSourcesBuildPhase;
			buildActionMask = 2147483647;
			files = (
				0E686606206F9882004A558C /* lvivbikemapTests.swift in Sources */,
			);
			runOnlyForDeploymentPostprocessing = 0;
		};
/* End PBXSourcesBuildPhase section */

/* Begin PBXTargetDependency section */
		0E686603206F9882004A558C /* PBXTargetDependency */ = {
			isa = PBXTargetDependency;
			target = 0E6865EC206F987D004A558C /* lvivbikemap */;
			targetProxy = 0E686602206F9882004A558C /* PBXContainerItemProxy */;
		};
/* End PBXTargetDependency section */

/* Begin PBXVariantGroup section */
		0E6865F4206F987D004A558C /* Main.storyboard */ = {
			isa = PBXVariantGroup;
			children = (
				0E6865F5206F987D004A558C /* Base */,
			);
			name = Main.storyboard;
			sourceTree = "<group>";
		};
		0E6865F9206F9881004A558C /* LaunchScreen.storyboard */ = {
			isa = PBXVariantGroup;
			children = (
				0E6865FA206F9881004A558C /* Base */,
			);
			name = LaunchScreen.storyboard;
			sourceTree = "<group>";
		};
/* End PBXVariantGroup section */

/* Begin XCBuildConfiguration section */
		0E686608206F9882004A558C /* Debug */ = {
			isa = XCBuildConfiguration;
			buildSettings = {
				ALWAYS_SEARCH_USER_PATHS = NO;
				CLANG_ANALYZER_NONNULL = YES;
				CLANG_ANALYZER_NUMBER_OBJECT_CONVERSION = YES_AGGRESSIVE;
				CLANG_CXX_LANGUAGE_STANDARD = "gnu++14";
				CLANG_CXX_LIBRARY = "libc++";
				CLANG_ENABLE_MODULES = YES;
				CLANG_ENABLE_OBJC_ARC = YES;
				CLANG_ENABLE_OBJC_WEAK = YES;
				CLANG_WARN_BLOCK_CAPTURE_AUTORELEASING = YES;
				CLANG_WARN_BOOL_CONVERSION = YES;
				CLANG_WARN_COMMA = YES;
				CLANG_WARN_CONSTANT_CONVERSION = YES;
				CLANG_WARN_DEPRECATED_OBJC_IMPLEMENTATIONS = YES;
				CLANG_WARN_DIRECT_OBJC_ISA_USAGE = YES_ERROR;
				CLANG_WARN_DOCUMENTATION_COMMENTS = YES;
				CLANG_WARN_EMPTY_BODY = YES;
				CLANG_WARN_ENUM_CONVERSION = YES;
				CLANG_WARN_INFINITE_RECURSION = YES;
				CLANG_WARN_INT_CONVERSION = YES;
				CLANG_WARN_NON_LITERAL_NULL_CONVERSION = YES;
				CLANG_WARN_OBJC_IMPLICIT_RETAIN_SELF = YES;
				CLANG_WARN_OBJC_LITERAL_CONVERSION = YES;
				CLANG_WARN_OBJC_ROOT_CLASS = YES_ERROR;
				CLANG_WARN_RANGE_LOOP_ANALYSIS = YES;
				CLANG_WARN_STRICT_PROTOTYPES = YES;
				CLANG_WARN_SUSPICIOUS_MOVE = YES;
				CLANG_WARN_UNGUARDED_AVAILABILITY = YES_AGGRESSIVE;
				CLANG_WARN_UNREACHABLE_CODE = YES;
				CLANG_WARN__DUPLICATE_METHOD_MATCH = YES;
				CODE_SIGN_IDENTITY = "iPhone Developer";
				COPY_PHASE_STRIP = NO;
				DEBUG_INFORMATION_FORMAT = dwarf;
				ENABLE_STRICT_OBJC_MSGSEND = YES;
				ENABLE_TESTABILITY = YES;
				GCC_C_LANGUAGE_STANDARD = gnu11;
				GCC_DYNAMIC_NO_PIC = NO;
				GCC_NO_COMMON_BLOCKS = YES;
				GCC_OPTIMIZATION_LEVEL = 0;
				GCC_PREPROCESSOR_DEFINITIONS = (
					"DEBUG=1",
					"$(inherited)",
				);
				GCC_WARN_64_TO_32_BIT_CONVERSION = YES;
				GCC_WARN_ABOUT_RETURN_TYPE = YES_ERROR;
				GCC_WARN_UNDECLARED_SELECTOR = YES;
				GCC_WARN_UNINITIALIZED_AUTOS = YES_AGGRESSIVE;
				GCC_WARN_UNUSED_FUNCTION = YES;
				GCC_WARN_UNUSED_VARIABLE = YES;
				IPHONEOS_DEPLOYMENT_TARGET = 11.3;
				MTL_ENABLE_DEBUG_INFO = YES;
				ONLY_ACTIVE_ARCH = YES;
				SDKROOT = iphoneos;
				SWIFT_ACTIVE_COMPILATION_CONDITIONS = DEBUG;
				SWIFT_OPTIMIZATION_LEVEL = "-Onone";
			};
			name = Debug;
		};
		0E686609206F9882004A558C /* Release */ = {
			isa = XCBuildConfiguration;
			buildSettings = {
				ALWAYS_SEARCH_USER_PATHS = NO;
				CLANG_ANALYZER_NONNULL = YES;
				CLANG_ANALYZER_NUMBER_OBJECT_CONVERSION = YES_AGGRESSIVE;
				CLANG_CXX_LANGUAGE_STANDARD = "gnu++14";
				CLANG_CXX_LIBRARY = "libc++";
				CLANG_ENABLE_MODULES = YES;
				CLANG_ENABLE_OBJC_ARC = YES;
				CLANG_ENABLE_OBJC_WEAK = YES;
				CLANG_WARN_BLOCK_CAPTURE_AUTORELEASING = YES;
				CLANG_WARN_BOOL_CONVERSION = YES;
				CLANG_WARN_COMMA = YES;
				CLANG_WARN_CONSTANT_CONVERSION = YES;
				CLANG_WARN_DEPRECATED_OBJC_IMPLEMENTATIONS = YES;
				CLANG_WARN_DIRECT_OBJC_ISA_USAGE = YES_ERROR;
				CLANG_WARN_DOCUMENTATION_COMMENTS = YES;
				CLANG_WARN_EMPTY_BODY = YES;
				CLANG_WARN_ENUM_CONVERSION = YES;
				CLANG_WARN_INFINITE_RECURSION = YES;
				CLANG_WARN_INT_CONVERSION = YES;
				CLANG_WARN_NON_LITERAL_NULL_CONVERSION = YES;
				CLANG_WARN_OBJC_IMPLICIT_RETAIN_SELF = YES;
				CLANG_WARN_OBJC_LITERAL_CONVERSION = YES;
				CLANG_WARN_OBJC_ROOT_CLASS = YES_ERROR;
				CLANG_WARN_RANGE_LOOP_ANALYSIS = YES;
				CLANG_WARN_STRICT_PROTOTYPES = YES;
				CLANG_WARN_SUSPICIOUS_MOVE = YES;
				CLANG_WARN_UNGUARDED_AVAILABILITY = YES_AGGRESSIVE;
				CLANG_WARN_UNREACHABLE_CODE = YES;
				CLANG_WARN__DUPLICATE_METHOD_MATCH = YES;
				CODE_SIGN_IDENTITY = "iPhone Developer";
				COPY_PHASE_STRIP = NO;
				DEBUG_INFORMATION_FORMAT = "dwarf-with-dsym";
				ENABLE_NS_ASSERTIONS = NO;
				ENABLE_STRICT_OBJC_MSGSEND = YES;
				GCC_C_LANGUAGE_STANDARD = gnu11;
				GCC_NO_COMMON_BLOCKS = YES;
				GCC_WARN_64_TO_32_BIT_CONVERSION = YES;
				GCC_WARN_ABOUT_RETURN_TYPE = YES_ERROR;
				GCC_WARN_UNDECLARED_SELECTOR = YES;
				GCC_WARN_UNINITIALIZED_AUTOS = YES_AGGRESSIVE;
				GCC_WARN_UNUSED_FUNCTION = YES;
				GCC_WARN_UNUSED_VARIABLE = YES;
				IPHONEOS_DEPLOYMENT_TARGET = 11.3;
				MTL_ENABLE_DEBUG_INFO = NO;
				SDKROOT = iphoneos;
				SWIFT_COMPILATION_MODE = wholemodule;
				SWIFT_OPTIMIZATION_LEVEL = "-O";
				VALIDATE_PRODUCT = YES;
			};
			name = Release;
		};
		0E68660B206F9882004A558C /* Debug */ = {
			isa = XCBuildConfiguration;
			baseConfigurationReference = 4EE4D1B5CEAE50BADDE784DA /* Pods-lvivbikemap.debug.xcconfig */;
			buildSettings = {
				ASSETCATALOG_COMPILER_APPICON_NAME = AppIcon;
				CODE_SIGN_STYLE = Automatic;
				INFOPLIST_FILE = lvivbikemap/Info.plist;
				LD_RUNPATH_SEARCH_PATHS = (
					"$(inherited)",
					"@executable_path/Frameworks",
				);
				PRODUCT_BUNDLE_IDENTIFIER = com.hack.kind.lvivbikemap;
				PRODUCT_NAME = "$(TARGET_NAME)";
				SWIFT_VERSION = 4.0;
				TARGETED_DEVICE_FAMILY = "1,2";
			};
			name = Debug;
		};
		0E68660C206F9882004A558C /* Release */ = {
			isa = XCBuildConfiguration;
			baseConfigurationReference = A24DDEEE8DAD96B05C307E45 /* Pods-lvivbikemap.release.xcconfig */;
			buildSettings = {
				ASSETCATALOG_COMPILER_APPICON_NAME = AppIcon;
				CODE_SIGN_STYLE = Automatic;
				INFOPLIST_FILE = lvivbikemap/Info.plist;
				LD_RUNPATH_SEARCH_PATHS = (
					"$(inherited)",
					"@executable_path/Frameworks",
				);
				PRODUCT_BUNDLE_IDENTIFIER = com.hack.kind.lvivbikemap;
				PRODUCT_NAME = "$(TARGET_NAME)";
				SWIFT_VERSION = 4.0;
				TARGETED_DEVICE_FAMILY = "1,2";
			};
			name = Release;
		};
		0E68660E206F9882004A558C /* Debug */ = {
			isa = XCBuildConfiguration;
			buildSettings = {
				ALWAYS_EMBED_SWIFT_STANDARD_LIBRARIES = YES;
				BUNDLE_LOADER = "$(TEST_HOST)";
				CODE_SIGN_STYLE = Automatic;
				INFOPLIST_FILE = lvivbikemapTests/Info.plist;
				LD_RUNPATH_SEARCH_PATHS = (
					"$(inherited)",
					"@executable_path/Frameworks",
					"@loader_path/Frameworks",
				);
				PRODUCT_BUNDLE_IDENTIFIER = com.hack.kind.lvivbikemapTests;
				PRODUCT_NAME = "$(TARGET_NAME)";
				SWIFT_VERSION = 4.0;
				TARGETED_DEVICE_FAMILY = "1,2";
				TEST_HOST = "$(BUILT_PRODUCTS_DIR)/lvivbikemap.app/lvivbikemap";
			};
			name = Debug;
		};
		0E68660F206F9882004A558C /* Release */ = {
			isa = XCBuildConfiguration;
			buildSettings = {
				ALWAYS_EMBED_SWIFT_STANDARD_LIBRARIES = YES;
				BUNDLE_LOADER = "$(TEST_HOST)";
				CODE_SIGN_STYLE = Automatic;
				INFOPLIST_FILE = lvivbikemapTests/Info.plist;
				LD_RUNPATH_SEARCH_PATHS = (
					"$(inherited)",
					"@executable_path/Frameworks",
					"@loader_path/Frameworks",
				);
				PRODUCT_BUNDLE_IDENTIFIER = com.hack.kind.lvivbikemapTests;
				PRODUCT_NAME = "$(TARGET_NAME)";
				SWIFT_VERSION = 4.0;
				TARGETED_DEVICE_FAMILY = "1,2";
				TEST_HOST = "$(BUILT_PRODUCTS_DIR)/lvivbikemap.app/lvivbikemap";
			};
			name = Release;
		};
/* End XCBuildConfiguration section */

/* Begin XCConfigurationList section */
		0E6865E8206F987D004A558C /* Build configuration list for PBXProject "lvivbikemap" */ = {
			isa = XCConfigurationList;
			buildConfigurations = (
				0E686608206F9882004A558C /* Debug */,
				0E686609206F9882004A558C /* Release */,
			);
			defaultConfigurationIsVisible = 0;
			defaultConfigurationName = Release;
		};
		0E68660A206F9882004A558C /* Build configuration list for PBXNativeTarget "lvivbikemap" */ = {
			isa = XCConfigurationList;
			buildConfigurations = (
				0E68660B206F9882004A558C /* Debug */,
				0E68660C206F9882004A558C /* Release */,
			);
			defaultConfigurationIsVisible = 0;
			defaultConfigurationName = Release;
		};
		0E68660D206F9882004A558C /* Build configuration list for PBXNativeTarget "lvivbikemapTests" */ = {
			isa = XCConfigurationList;
			buildConfigurations = (
				0E68660E206F9882004A558C /* Debug */,
				0E68660F206F9882004A558C /* Release */,
			);
			defaultConfigurationIsVisible = 0;
			defaultConfigurationName = Release;
		};
/* End XCConfigurationList section */
	};
	rootObject = 0E6865E5206F987D004A558C /* Project object */;
}
